// !$*UTF8*$!
{
	archiveVersion = 1;
	classes = {
	};
	objectVersion = 55;
	objects = {

/* Begin PBXBuildFile section */
		C37481A7285B92E7002A0A84 /* AppDelegate.swift in Sources */ = {isa = PBXBuildFile; fileRef = C37481A6285B92E7002A0A84 /* AppDelegate.swift */; };
		C37481A9285B92E7002A0A84 /* SceneDelegate.swift in Sources */ = {isa = PBXBuildFile; fileRef = C37481A8285B92E7002A0A84 /* SceneDelegate.swift */; };
		C37481AB285B92E7002A0A84 /* LoginViewcontroller.swift in Sources */ = {isa = PBXBuildFile; fileRef = C37481AA285B92E7002A0A84 /* LoginViewcontroller.swift */; };
		C37481AE285B92E7002A0A84 /* Main.storyboard in Resources */ = {isa = PBXBuildFile; fileRef = C37481AC285B92E7002A0A84 /* Main.storyboard */; };
		C37481B0285B92ED002A0A84 /* Assets.xcassets in Resources */ = {isa = PBXBuildFile; fileRef = C37481AF285B92ED002A0A84 /* Assets.xcassets */; };
		C37481B3285B92ED002A0A84 /* LaunchScreen.storyboard in Resources */ = {isa = PBXBuildFile; fileRef = C37481B1285B92ED002A0A84 /* LaunchScreen.storyboard */; };
		C37481BF285B94E8002A0A84 /* User.swift in Sources */ = {isa = PBXBuildFile; fileRef = C37481BE285B94E8002A0A84 /* User.swift */; };
		C37481C1285B9503002A0A84 /* NetworkService.swift in Sources */ = {isa = PBXBuildFile; fileRef = C37481C0285B9503002A0A84 /* NetworkService.swift */; };
		C37481C4285B9F19002A0A84 /* LoginViewModel.swift in Sources */ = {isa = PBXBuildFile; fileRef = C37481C3285B9F19002A0A84 /* LoginViewModel.swift */; };
		C37481C7285B9F31002A0A84 /* HomeViewModel.swift in Sources */ = {isa = PBXBuildFile; fileRef = C37481C6285B9F31002A0A84 /* HomeViewModel.swift */; };
		C37481CB285BB51C002A0A84 /* HomeViewController.swift in Sources */ = {isa = PBXBuildFile; fileRef = C37481CA285BB51C002A0A84 /* HomeViewController.swift */; };
		C37481CF285BB68A002A0A84 /* Credentials.swift in Sources */ = {isa = PBXBuildFile; fileRef = C37481CE285BB68A002A0A84 /* Credentials.swift */; };
/* End PBXBuildFile section */

/* Begin PBXFileReference section */
		C37481A3285B92E7002A0A84 /* MVVM and Combine.app */ = {isa = PBXFileReference; explicitFileType = wrapper.application; includeInIndex = 0; path = "MVVM and Combine.app"; sourceTree = BUILT_PRODUCTS_DIR; };
		C37481A6285B92E7002A0A84 /* AppDelegate.swift */ = {isa = PBXFileReference; lastKnownFileType = sourcecode.swift; path = AppDelegate.swift; sourceTree = "<group>"; };
		C37481A8285B92E7002A0A84 /* SceneDelegate.swift */ = {isa = PBXFileReference; lastKnownFileType = sourcecode.swift; path = SceneDelegate.swift; sourceTree = "<group>"; };
		C37481AA285B92E7002A0A84 /* LoginViewcontroller.swift */ = {isa = PBXFileReference; lastKnownFileType = sourcecode.swift; path = LoginViewcontroller.swift; sourceTree = "<group>"; };
		C37481AD285B92E7002A0A84 /* Base */ = {isa = PBXFileReference; lastKnownFileType = file.storyboard; name = Base; path = Base.lproj/Main.storyboard; sourceTree = "<group>"; };
		C37481AF285B92ED002A0A84 /* Assets.xcassets */ = {isa = PBXFileReference; lastKnownFileType = folder.assetcatalog; path = Assets.xcassets; sourceTree = "<group>"; };
		C37481B2285B92ED002A0A84 /* Base */ = {isa = PBXFileReference; lastKnownFileType = file.storyboard; name = Base; path = Base.lproj/LaunchScreen.storyboard; sourceTree = "<group>"; };
		C37481B4285B92ED002A0A84 /* Info.plist */ = {isa = PBXFileReference; lastKnownFileType = text.plist.xml; path = Info.plist; sourceTree = "<group>"; };
		C37481BE285B94E8002A0A84 /* User.swift */ = {isa = PBXFileReference; lastKnownFileType = sourcecode.swift; path = User.swift; sourceTree = "<group>"; };
		C37481C0285B9503002A0A84 /* NetworkService.swift */ = {isa = PBXFileReference; lastKnownFileType = sourcecode.swift; path = NetworkService.swift; sourceTree = "<group>"; };
		C37481C3285B9F19002A0A84 /* LoginViewModel.swift */ = {isa = PBXFileReference; lastKnownFileType = sourcecode.swift; path = LoginViewModel.swift; sourceTree = "<group>"; };
		C37481C6285B9F31002A0A84 /* HomeViewModel.swift */ = {isa = PBXFileReference; lastKnownFileType = sourcecode.swift; path = HomeViewModel.swift; sourceTree = "<group>"; };
		C37481CA285BB51C002A0A84 /* HomeViewController.swift */ = {isa = PBXFileReference; lastKnownFileType = sourcecode.swift; path = HomeViewController.swift; sourceTree = "<group>"; };
		C37481CE285BB68A002A0A84 /* Credentials.swift */ = {isa = PBXFileReference; lastKnownFileType = sourcecode.swift; path = Credentials.swift; sourceTree = "<group>"; };
/* End PBXFileReference section */

/* Begin PBXFrameworksBuildPhase section */
		C37481A0285B92E7002A0A84 /* Frameworks */ = {
			isa = PBXFrameworksBuildPhase;
			buildActionMask = 2147483647;
			files = (
			);
			runOnlyForDeploymentPostprocessing = 0;
		};
/* End PBXFrameworksBuildPhase section */

/* Begin PBXGroup section */
		C374819A285B92E7002A0A84 = {
			isa = PBXGroup;
			children = (
				C37481A5285B92E7002A0A84 /* MVVM and Combine */,
				C37481A4285B92E7002A0A84 /* Products */,
			);
			sourceTree = "<group>";
		};
		C37481A4285B92E7002A0A84 /* Products */ = {
			isa = PBXGroup;
			children = (
				C37481A3285B92E7002A0A84 /* MVVM and Combine.app */,
			);
			name = Products;
			sourceTree = "<group>";
		};
		C37481A5285B92E7002A0A84 /* MVVM and Combine */ = {
			isa = PBXGroup;
			children = (
				C37481C0285B9503002A0A84 /* NetworkService.swift */,
				C37481A6285B92E7002A0A84 /* AppDelegate.swift */,
				C37481A8285B92E7002A0A84 /* SceneDelegate.swift */,
				C37481BE285B94E8002A0A84 /* User.swift */,
				C37481C2285B9F08002A0A84 /* Login View */,
				C37481C5285B9F1E002A0A84 /* Home View */,
				C37481AC285B92E7002A0A84 /* Main.storyboard */,
				C37481AF285B92ED002A0A84 /* Assets.xcassets */,
				C37481B1285B92ED002A0A84 /* LaunchScreen.storyboard */,
				C37481B4285B92ED002A0A84 /* Info.plist */,
				C37481CE285BB68A002A0A84 /* Credentials.swift */,
			);
			path = "MVVM and Combine";
			sourceTree = "<group>";
		};
		C37481C2285B9F08002A0A84 /* Login View */ = {
			isa = PBXGroup;
			children = (
				C37481AA285B92E7002A0A84 /* LoginViewcontroller.swift */,
				C37481C3285B9F19002A0A84 /* LoginViewModel.swift */,
			);
			path = "Login View";
			sourceTree = "<group>";
		};
		C37481C5285B9F1E002A0A84 /* Home View */ = {
			isa = PBXGroup;
			children = (
				C37481CA285BB51C002A0A84 /* HomeViewController.swift */,
				C37481C6285B9F31002A0A84 /* HomeViewModel.swift */,
			);
			name = "Home View";
			path = "Home Viewç";
			sourceTree = "<group>";
		};
/* End PBXGroup section */

/* Begin PBXNativeTarget section */
		C37481A2285B92E7002A0A84 /* MVVM and Combine */ = {
			isa = PBXNativeTarget;
			buildConfigurationList = C37481B7285B92ED002A0A84 /* Build configuration list for PBXNativeTarget "MVVM and Combine" */;
			buildPhases = (
				C374819F285B92E7002A0A84 /* Sources */,
				C37481A0285B92E7002A0A84 /* Frameworks */,
				C37481A1285B92E7002A0A84 /* Resources */,
			);
			buildRules = (
			);
			dependencies = (
			);
			name = "MVVM and Combine";
			productName = "MVVM and Combine";
			productReference = C37481A3285B92E7002A0A84 /* MVVM and Combine.app */;
			productType = "com.apple.product-type.application";
		};
/* End PBXNativeTarget section */

/* Begin PBXProject section */
		C374819B285B92E7002A0A84 /* Project object */ = {
			isa = PBXProject;
			attributes = {
				BuildIndependentTargetsInParallel = 1;
				LastSwiftUpdateCheck = 1320;
				LastUpgradeCheck = 1320;
				TargetAttributes = {
					C37481A2285B92E7002A0A84 = {
						CreatedOnToolsVersion = 13.2.1;
					};
				};
			};
			buildConfigurationList = C374819E285B92E7002A0A84 /* Build configuration list for PBXProject "MVVM and Combine" */;
			compatibilityVersion = "Xcode 13.0";
			developmentRegion = en;
			hasScannedForEncodings = 0;
			knownRegions = (
				en,
				Base,
			);
			mainGroup = C374819A285B92E7002A0A84;
			productRefGroup = C37481A4285B92E7002A0A84 /* Products */;
			projectDirPath = "";
			projectRoot = "";
			targets = (
				C37481A2285B92E7002A0A84 /* MVVM and Combine */,
			);
		};
/* End PBXProject section */

/* Begin PBXResourcesBuildPhase section */
		C37481A1285B92E7002A0A84 /* Resources */ = {
			isa = PBXResourcesBuildPhase;
			buildActionMask = 2147483647;
			files = (
				C37481B3285B92ED002A0A84 /* LaunchScreen.storyboard in Resources */,
				C37481B0285B92ED002A0A84 /* Assets.xcassets in Resources */,
				C37481AE285B92E7002A0A84 /* Main.storyboard in Resources */,
			);
			runOnlyForDeploymentPostprocessing = 0;
		};
/* End PBXResourcesBuildPhase section */

/* Begin PBXSourcesBuildPhase section */
		C374819F285B92E7002A0A84 /* Sources */ = {
			isa = PBXSourcesBuildPhase;
			buildActionMask = 2147483647;
			files = (
				C37481AB285B92E7002A0A84 /* LoginViewcontroller.swift in Sources */,
				C37481A7285B92E7002A0A84 /* AppDelegate.swift in Sources */,
				C37481A9285B92E7002A0A84 /* SceneDelegate.swift in Sources */,
				C37481CF285BB68A002A0A84 /* Credentials.swift in Sources */,
				C37481CB285BB51C002A0A84 /* HomeViewController.swift in Sources */,
				C37481C7285B9F31002A0A84 /* HomeViewModel.swift in Sources */,
				C37481BF285B94E8002A0A84 /* User.swift in Sources */,
				C37481C1285B9503002A0A84 /* NetworkService.swift in Sources */,
				C37481C4285B9F19002A0A84 /* LoginViewModel.swift in Sources */,
			);
			runOnlyForDeploymentPostprocessing = 0;
		};
/* End PBXSourcesBuildPhase section */

/* Begin PBXVariantGroup section */
		C37481AC285B92E7002A0A84 /* Main.storyboard */ = {
			isa = PBXVariantGroup;
			children = (
				C37481AD285B92E7002A0A84 /* Base */,
			);
			name = Main.storyboard;
			sourceTree = "<group>";
		};
		C37481B1285B92ED002A0A84 /* LaunchScreen.storyboard */ = {
			isa = PBXVariantGroup;
			children = (
				C37481B2285B92ED002A0A84 /* Base */,
			);
			name = LaunchScreen.storyboard;
			sourceTree = "<group>";
		};
/* End PBXVariantGroup section */

/* Begin XCBuildConfiguration section */
		C37481B5285B92ED002A0A84 /* Debug */ = {
			isa = XCBuildConfiguration;
			buildSettings = {
				ALWAYS_SEARCH_USER_PATHS = NO;
				CLANG_ANALYZER_NONNULL = YES;
				CLANG_ANALYZER_NUMBER_OBJECT_CONVERSION = YES_AGGRESSIVE;
				CLANG_CXX_LANGUAGE_STANDARD = "gnu++17";
				CLANG_CXX_LIBRARY = "libc++";
				CLANG_ENABLE_MODULES = YES;
				CLANG_ENABLE_OBJC_ARC = YES;
				CLANG_ENABLE_OBJC_WEAK = YES;
				CLANG_WARN_BLOCK_CAPTURE_AUTORELEASING = YES;
				CLANG_WARN_BOOL_CONVERSION = YES;
				CLANG_WARN_COMMA = YES;
				CLANG_WARN_CONSTANT_CONVERSION = YES;
				CLANG_WARN_DEPRECATED_OBJC_IMPLEMENTATIONS = YES;
				CLANG_WARN_DIRECT_OBJC_ISA_USAGE = YES_ERROR;
				CLANG_WARN_DOCUMENTATION_COMMENTS = YES;
				CLANG_WARN_EMPTY_BODY = YES;
				CLANG_WARN_ENUM_CONVERSION = YES;
				CLANG_WARN_INFINITE_RECURSION = YES;
				CLANG_WARN_INT_CONVERSION = YES;
				CLANG_WARN_NON_LITERAL_NULL_CONVERSION = YES;
				CLANG_WARN_OBJC_IMPLICIT_RETAIN_SELF = YES;
				CLANG_WARN_OBJC_LITERAL_CONVERSION = YES;
				CLANG_WARN_OBJC_ROOT_CLASS = YES_ERROR;
				CLANG_WARN_QUOTED_INCLUDE_IN_FRAMEWORK_HEADER = YES;
				CLANG_WARN_RANGE_LOOP_ANALYSIS = YES;
				CLANG_WARN_STRICT_PROTOTYPES = YES;
				CLANG_WARN_SUSPICIOUS_MOVE = YES;
				CLANG_WARN_UNGUARDED_AVAILABILITY = YES_AGGRESSIVE;
				CLANG_WARN_UNREACHABLE_CODE = YES;
				CLANG_WARN__DUPLICATE_METHOD_MATCH = YES;
				COPY_PHASE_STRIP = NO;
				DEBUG_INFORMATION_FORMAT = dwarf;
				ENABLE_STRICT_OBJC_MSGSEND = YES;
				ENABLE_TESTABILITY = YES;
				GCC_C_LANGUAGE_STANDARD = gnu11;
				GCC_DYNAMIC_NO_PIC = NO;
				GCC_NO_COMMON_BLOCKS = YES;
				GCC_OPTIMIZATION_LEVEL = 0;
				GCC_PREPROCESSOR_DEFINITIONS = (
					"DEBUG=1",
					"$(inherited)",
				);
				GCC_WARN_64_TO_32_BIT_CONVERSION = YES;
				GCC_WARN_ABOUT_RETURN_TYPE = YES_ERROR;
				GCC_WARN_UNDECLARED_SELECTOR = YES;
				GCC_WARN_UNINITIALIZED_AUTOS = YES_AGGRESSIVE;
				GCC_WARN_UNUSED_FUNCTION = YES;
				GCC_WARN_UNUSED_VARIABLE = YES;
				IPHONEOS_DEPLOYMENT_TARGET = 15.2;
				MTL_ENABLE_DEBUG_INFO = INCLUDE_SOURCE;
				MTL_FAST_MATH = YES;
				ONLY_ACTIVE_ARCH = YES;
				SDKROOT = iphoneos;
				SWIFT_ACTIVE_COMPILATION_CONDITIONS = DEBUG;
				SWIFT_OPTIMIZATION_LEVEL = "-Onone";
			};
			name = Debug;
		};
		C37481B6285B92ED002A0A84 /* Release */ = {
			isa = XCBuildConfiguration;
			buildSettings = {
				ALWAYS_SEARCH_USER_PATHS = NO;
				CLANG_ANALYZER_NONNULL = YES;
				CLANG_ANALYZER_NUMBER_OBJECT_CONVERSION = YES_AGGRESSIVE;
				CLANG_CXX_LANGUAGE_STANDARD = "gnu++17";
				CLANG_CXX_LIBRARY = "libc++";
				CLANG_ENABLE_MODULES = YES;
				CLANG_ENABLE_OBJC_ARC = YES;
				CLANG_ENABLE_OBJC_WEAK = YES;
				CLANG_WARN_BLOCK_CAPTURE_AUTORELEASING = YES;
				CLANG_WARN_BOOL_CONVERSION = YES;
				CLANG_WARN_COMMA = YES;
				CLANG_WARN_CONSTANT_CONVERSION = YES;
				CLANG_WARN_DEPRECATED_OBJC_IMPLEMENTATIONS = YES;
				CLANG_WARN_DIRECT_OBJC_ISA_USAGE = YES_ERROR;
				CLANG_WARN_DOCUMENTATION_COMMENTS = YES;
				CLANG_WARN_EMPTY_BODY = YES;
				CLANG_WARN_ENUM_CONVERSION = YES;
				CLANG_WARN_INFINITE_RECURSION = YES;
				CLANG_WARN_INT_CONVERSION = YES;
				CLANG_WARN_NON_LITERAL_NULL_CONVERSION = YES;
				CLANG_WARN_OBJC_IMPLICIT_RETAIN_SELF = YES;
				CLANG_WARN_OBJC_LITERAL_CONVERSION = YES;
				CLANG_WARN_OBJC_ROOT_CLASS = YES_ERROR;
				CLANG_WARN_QUOTED_INCLUDE_IN_FRAMEWORK_HEADER = YES;
				CLANG_WARN_RANGE_LOOP_ANALYSIS = YES;
				CLANG_WARN_STRICT_PROTOTYPES = YES;
				CLANG_WARN_SUSPICIOUS_MOVE = YES;
				CLANG_WARN_UNGUARDED_AVAILABILITY = YES_AGGRESSIVE;
				CLANG_WARN_UNREACHABLE_CODE = YES;
				CLANG_WARN__DUPLICATE_METHOD_MATCH = YES;
				COPY_PHASE_STRIP = NO;
				DEBUG_INFORMATION_FORMAT = "dwarf-with-dsym";
				ENABLE_NS_ASSERTIONS = NO;
				ENABLE_STRICT_OBJC_MSGSEND = YES;
				GCC_C_LANGUAGE_STANDARD = gnu11;
				GCC_NO_COMMON_BLOCKS = YES;
				GCC_WARN_64_TO_32_BIT_CONVERSION = YES;
				GCC_WARN_ABOUT_RETURN_TYPE = YES_ERROR;
				GCC_WARN_UNDECLARED_SELECTOR = YES;
				GCC_WARN_UNINITIALIZED_AUTOS = YES_AGGRESSIVE;
				GCC_WARN_UNUSED_FUNCTION = YES;
				GCC_WARN_UNUSED_VARIABLE = YES;
				IPHONEOS_DEPLOYMENT_TARGET = 15.2;
				MTL_ENABLE_DEBUG_INFO = NO;
				MTL_FAST_MATH = YES;
				SDKROOT = iphoneos;
				SWIFT_COMPILATION_MODE = wholemodule;
				SWIFT_OPTIMIZATION_LEVEL = "-O";
				VALIDATE_PRODUCT = YES;
			};
			name = Release;
		};
		C37481B8285B92ED002A0A84 /* Debug */ = {
			isa = XCBuildConfiguration;
			buildSettings = {
				ASSETCATALOG_COMPILER_APPICON_NAME = AppIcon;
				ASSETCATALOG_COMPILER_GLOBAL_ACCENT_COLOR_NAME = AccentColor;
				CODE_SIGN_STYLE = Automatic;
				CURRENT_PROJECT_VERSION = 1;
				DEVELOPMENT_TEAM = GM7M2Z6YVJ;
				GENERATE_INFOPLIST_FILE = YES;
				INFOPLIST_FILE = "MVVM and Combine/Info.plist";
				INFOPLIST_KEY_UIApplicationSupportsIndirectInputEvents = YES;
				INFOPLIST_KEY_UILaunchStoryboardName = LaunchScreen;
				INFOPLIST_KEY_UIMainStoryboardFile = Main;
				INFOPLIST_KEY_UISupportedInterfaceOrientations_iPad = "UIInterfaceOrientationPortrait UIInterfaceOrientationPortraitUpsideDown UIInterfaceOrientationLandscapeLeft UIInterfaceOrientationLandscapeRight";
				INFOPLIST_KEY_UISupportedInterfaceOrientations_iPhone = "UIInterfaceOrientationPortrait UIInterfaceOrientationLandscapeLeft UIInterfaceOrientationLandscapeRight";
				LD_RUNPATH_SEARCH_PATHS = (
					"$(inherited)",
					"@executable_path/Frameworks",
				);
				MARKETING_VERSION = 1.0;
				PRODUCT_BUNDLE_IDENTIFIER = "com.test.MVVM-and-Combine";
				PRODUCT_NAME = "$(TARGET_NAME)";
				SWIFT_EMIT_LOC_STRINGS = YES;
				SWIFT_VERSION = 5.0;
				TARGETED_DEVICE_FAMILY = "1,2";
			};
			name = Debug;
		};
		C37481B9285B92ED002A0A84 /* Release */ = {
			isa = XCBuildConfiguration;
			buildSettings = {
				ASSETCATALOG_COMPILER_APPICON_NAME = AppIcon;
				ASSETCATALOG_COMPILER_GLOBAL_ACCENT_COLOR_NAME = AccentColor;
				CODE_SIGN_STYLE = Automatic;
				CURRENT_PROJECT_VERSION = 1;
				DEVELOPMENT_TEAM = GM7M2Z6YVJ;
				GENERATE_INFOPLIST_FILE = YES;
				INFOPLIST_FILE = "MVVM and Combine/Info.plist";
				INFOPLIST_KEY_UIApplicationSupportsIndirectInputEvents = YES;
				INFOPLIST_KEY_UILaunchStoryboardName = LaunchScreen;
				INFOPLIST_KEY_UIMainStoryboardFile = Main;
				INFOPLIST_KEY_UISupportedInterfaceOrientations_iPad = "UIInterfaceOrientationPortrait UIInterfaceOrientationPortraitUpsideDown UIInterfaceOrientationLandscapeLeft UIInterfaceOrientationLandscapeRight";
				INFOPLIST_KEY_UISupportedInterfaceOrientations_iPhone = "UIInterfaceOrientationPortrait UIInterfaceOrientationLandscapeLeft UIInterfaceOrientationLandscapeRight";
				LD_RUNPATH_SEARCH_PATHS = (
					"$(inherited)",
					"@executable_path/Frameworks",
				);
				MARKETING_VERSION = 1.0;
				PRODUCT_BUNDLE_IDENTIFIER = "com.test.MVVM-and-Combine";
				PRODUCT_NAME = "$(TARGET_NAME)";
				SWIFT_EMIT_LOC_STRINGS = YES;
				SWIFT_VERSION = 5.0;
				TARGETED_DEVICE_FAMILY = "1,2";
			};
			name = Release;
		};
/* End XCBuildConfiguration section */

/* Begin XCConfigurationList section */
		C374819E285B92E7002A0A84 /* Build configuration list for PBXProject "MVVM and Combine" */ = {
			isa = XCConfigurationList;
			buildConfigurations = (
				C37481B5285B92ED002A0A84 /* Debug */,
				C37481B6285B92ED002A0A84 /* Release */,
			);
			defaultConfigurationIsVisible = 0;
			defaultConfigurationName = Release;
		};
		C37481B7285B92ED002A0A84 /* Build configuration list for PBXNativeTarget "MVVM and Combine" */ = {
			isa = XCConfigurationList;
			buildConfigurations = (
				C37481B8285B92ED002A0A84 /* Debug */,
				C37481B9285B92ED002A0A84 /* Release */,
			);
			defaultConfigurationIsVisible = 0;
			defaultConfigurationName = Release;
		};
/* End XCConfigurationList section */
	};
	rootObject = C374819B285B92E7002A0A84 /* Project object */;
}
